
Microsoft Visual Studio Solution File, Format Version 12.00
# Visual Studio Version 17
VisualStudioVersion = 17.5.002.0
MinimumVisualStudioVersion = 10.0.40219.1
Project("{9A19103F-16F7-4668-BE54-9A1E7A4F7556}") = "TrilhaApiDesafio", "TrilhaApiDesafio.csproj", "{2E6C9E7A-CC06-4452-AC66-9666361DEC71}"
EndProject
Global
	GlobalSection(SolutionConfigurationPlatforms) = preSolution
		Debug|Any CPU = Debug|Any CPU
		Release|Any CPU = Release|Any CPU
	EndGlobalSection
	GlobalSection(ProjectConfigurationPlatforms) = postSolution
		{2E6C9E7A-CC06-4452-AC66-9666361DEC71}.Debug|Any CPU.ActiveCfg = Debug|Any CPU
		{2E6C9E7A-CC06-4452-AC66-9666361DEC71}.Debug|Any CPU.Build.0 = Debug|Any CPU
		{2E6C9E7A-CC06-4452-AC66-9666361DEC71}.Release|Any CPU.ActiveCfg = Release|Any CPU
		{2E6C9E7A-CC06-4452-AC66-9666361DEC71}.Release|Any CPU.Build.0 = Release|Any CPU
	EndGlobalSection
	GlobalSection(SolutionProperties) = preSolution
		HideSolutionNode = FALSE
	EndGlobalSection
	GlobalSection(ExtensibilityGlobals) = postSolution
		SolutionGuid = {C3BF344F-C8FE-448C-9A4D-C8C69898D10E}
	EndGlobalSection
EndGlobal
